{
  "name": "study-release",
  "version": "1.0.0",
  "lockfileVersion": 1,
  "dependencies": {
    "@feathersjs/commons": {
      "version": "3.0.1",
      "resolved": "https://registry.npmjs.org/@feathersjs/commons/-/commons-3.0.1.tgz",
      "integrity": "sha512-wo2boFwbKqm53h/Wv2F+ggiTxSFOPaCupa6VHujJle/RZrox5On6zbaoO0B1yFZbj1tCJ6kT2IDpFg9StHL0oA=="
    },
    "@feathersjs/feathers": {
      "version": "3.2.3",
      "resolved": "https://registry.npmjs.org/@feathersjs/feathers/-/feathers-3.2.3.tgz",
      "integrity": "sha512-T51XlcE+HkAG7nfFMoqRU+bLxPhIYGygAiWQ0Fmc5vOsYtCZlj1AGjJWVL8iX7k2HQgFI2mdinWPoFb2rui03A=="
    },
    "debug": {
      "version": "4.1.0",
      "resolved": "https://registry.npmjs.org/debug/-/debug-4.1.0.tgz",
      "integrity": "sha512-heNPJUJIqC+xB6ayLAMHaIrmN9HKa7aQO8MGqKpvCA+uJYVcvR6l5kgdrhRuwPFHU7P5/A1w0BjByPHwpfTDKg=="
    },
    "events": {
      "version": "3.0.0",
      "resolved": "https://registry.npmjs.org/events/-/events-3.0.0.tgz",
      "integrity": "sha512-Dc381HFWJzEOhQ+d8pkNon++bk9h6cdAoAj4iE6Q4y6xgTzySWXlKn05/TVNpjnfRqi/X0EpJEJohPjNI3zpVA=="
    },
    "ms": {
      "version": "2.1.1",
      "resolved": "https://registry.npmjs.org/ms/-/ms-2.1.1.tgz",
      "integrity": "sha512-tgp+dl5cGk28utYktBsrFqA7HKgrhgPsg6Z/EfhWI4gl1Hwq8B/GmY/0oXZ6nF8hDVesS/FpnYaD/kOWhYQvyg=="
    },
    "uberproto": {
      "version": "2.0.4",
      "resolved": "https://registry.npmjs.org/uberproto/-/uberproto-2.0.4.tgz",
      "integrity": "sha512-c/5xjTcztW9XVhrkCycHQRBIAxww5JpDKk/q0zc2tVdQn6ZQvnChWgLvQaWAT1Al5JvRyvloUI15ad41m6dYwg=="
    }
  }
}
